
Microsoft Visual Studio Solution File, Format Version 12.00
# Visual Studio Version 17
VisualStudioVersion = 17.13.35825.156 d17.13
MinimumVisualStudioVersion = 10.0.40219.1
Project("{8BC9CEB8-8B4A-11D0-8D11-00A0C91BC942}") = "Matrix_C_VS2022", "Matrix_C_VS2022.vcxproj", "{0B02527B-E402-4C80-AF77-12C00915F741}"
EndProject
Global
	GlobalSection(SolutionConfigurationPlatforms) = preSolution
		Debug|x64 = Debug|x64
		Debug|x86 = Debug|x86
		Release|x64 = Release|x64
		Release|x86 = Release|x86
	EndGlobalSection
	GlobalSection(ProjectConfigurationPlatforms) = postSolution
		{0B02527B-E402-4C80-AF77-12C00915F741}.Debug|x64.ActiveCfg = Debug|x64
		{0B02527B-E402-4C80-AF77-12C00915F741}.Debug|x64.Build.0 = Debug|x64
		{0B02527B-E402-4C80-AF77-12C00915F741}.Debug|x86.ActiveCfg = Debug|Win32
		{0B02527B-E402-4C80-AF77-12C00915F741}.Debug|x86.Build.0 = Debug|Win32
		{0B02527B-E402-4C80-AF77-12C00915F741}.Release|x64.ActiveCfg = Release|x64
		{0B02527B-E402-4C80-AF77-12C00915F741}.Release|x64.Build.0 = Release|x64
		{0B02527B-E402-4C80-AF77-12C00915F741}.Release|x86.ActiveCfg = Release|Win32
		{0B02527B-E402-4C80-AF77-12C00915F741}.Release|x86.Build.0 = Release|Win32
	EndGlobalSection
	GlobalSection(SolutionProperties) = preSolution
		HideSolutionNode = FALSE
	EndGlobalSection
	GlobalSection(ExtensibilityGlobals) = postSolution
		SolutionGuid = {2779BE5F-8690-4C52-9501-F7653117F64E}
	EndGlobalSection
EndGlobal
